capnproto.org/go/capnp/v3 v3.0.0-alpha-29 h1:ICLhiy4Jmp0d7hLQO+HzFAVIft/oxpPAUPV8tqx+eUE=
capnproto.org/go/capnp/v3 v3.0.0-alpha-29/go.mod h1:+ysMHvOh1EWNOyorxJWs1omhRFiDoKxKkWQACp54jKM=
github.com/davecgh/go-spew v1.1.1 h1:vj9j/u1bqnvCEfJOwUhtlOARqs3+rkHYY13jYWTU97c=
github.com/davecgh/go-spew v1.1.1/go.mod h1:J7Y8YcW2NihsgmVo/mv3lAwl/skON4iLHjSsI+c5H38=
github.com/philhofer/fwd v1.1.1 h1:GdGcTjf5RNAxwS4QLsiMzJYj5KEvPJD3Abr261yRQXQ=
github.com/philhofer/fwd v1.1.1/go.mod h1:gk3iGcWd9+svBvR0sR+KPcfE+RNWozjowpeBVG3ZVNU=
github.com/pmezard/go-difflib v1.0.0 h1:4DBwDE0NGyQoBHbLQYPwSUPoCMWR5BEzIk/f1lZbAQM=
github.com/pmezard/go-difflib v1.0.0/go.mod h1:iKH77koFhYxTK1pcRnkKkqfTogsbg7gZNVY4sRDYZ/4=
github.com/spf13/afero v1.11.0 h1:WJQKhtpdm3v2IzqG8VMqrr6Rf3UYpEF239Jy9wNepM8=
github.com/spf13/afero v1.11.0/go.mod h1:GH9Y3pIexgf1MTIWtNGyogA5MwRIDXGUr+hbWNoBjkY=
github.com/stretchr/testify v1.8.2 h1:+h33VjcLVPDHtOdpUCuF+7gSuG3yGIftsP1YvFihtJ8=
github.com/stretchr/testify v1.8.2/go.mod h1:w2LPCIKwWwSfY2zedu0+kehJoqGctiVI29o6fzry7u4=
github.com/tinylib/msgp v1.1.5 h1:2gXmtWueD2HefZHQe1QOy9HVzmFrLOVvsXwXBQ0ayy0=
github.com/tinylib/msgp v1.1.5/go.mod h1:eQsjooMTnV42mHu917E26IogZ2930nFyBQdofk10Udg=
golang.org/x/sync v0.0.0-20201020160332-67f06af15bc9 h1:SQFwaSi55rU7vdNs9Yr0Z324VNlrF+0wMqRXT4St8ck=
golang.org/x/sync v0.0.0-20201020160332-67f06af15bc9/go.mod h1:RxMgew5VJxzue5/jJTE5uejpjVlOe/izrB70Jof72aM=
golang.org/x/sync v0.5.0 h1:60k92dhOjHxJkrqnwsfl8KuaHbn/5dl0lUPUklKo3qE=
golang.org/x/sync v0.5.0/go.mod h1:Czt+wKu1gCyEFDUtn0jG5QVvpJ6rzVqr5aXyt9drQfk=
golang.org/x/text v0.14.0 h1:ScX5w1eTa3QqT8oi6+ziP7dTV1S2+ALU0bI+0zXKWiQ=
golang.org/x/text v0.14.0/go.mod h1:18ZOQIKpY8NJVqYksKHtTdi31H5itFRjB5/qKTNYzSU=
gopkg.in/yaml.v3 v3.0.1 h1:fxVm/GzAzEWqLHuvctI91KS9hhNmmWOoWu0XTYJS7CA=
gopkg.in/yaml.v3 v3.0.1/go.mod h1:K4uyk7z7BCEPqu6E+C64Yfv1cQ7kz7rIZviUmN+EgEM=
zenhack.net/go/util v0.0.0-20230414204917-531d38494cf5 h1:yksDCGMVzyn3vlyf0GZ3huiF5FFaMGQpQ3UJvR0EoGA=
zenhack.net/go/util v0.0.0-20230414204917-531d38494cf5/go.mod h1:1LtNdPAs8WH+BTcQiZAOo2MIKD/5jyK/u7sZ9ZPe5SE=
