# This file is automatically @generated by Cargo.
# It is not intended for manual editing.
version = 3

[[package]]
name = "capnp"
version = "0.19.2"
source = "registry+https://github.com/rust-lang/crates.io-index"
checksum = "b4bfb7088540597aa9a835f445dae750aa0792f84d253c6cd515940486e98e00"
dependencies = [
 "embedded-io",
]

[[package]]
name = "capnpc"
version = "0.19.0"
source = "registry+https://github.com/rust-lang/crates.io-index"
checksum = "c75ba30e0f08582d53c2f3710cf4bb65ff562614b1ba86906d7391adffe189ec"
dependencies = [
 "capnp",
]

[[package]]
name = "capnproto-smorodinov-alasheev"
version = "0.1.0"
dependencies = [
 "capnp",
 "capnpc",
]

[[package]]
name = "embedded-io"
version = "0.6.1"
source = "registry+https://github.com/rust-lang/crates.io-index"
checksum = "edd0f118536f44f5ccd48bcb8b111bdc3de888b58c74639dfb034a357d0f206d"
